
Microsoft Visual Studio Solution File, Format Version 12.00
# Visual Studio Version 16
VisualStudioVersion = 16.0.31424.327
MinimumVisualStudioVersion = 10.0.40219.1
Project("{FAE04EC0-301F-11D3-BF4B-00C04F79EFBC}") = "ChangeRequests", "ChangeRequests\ChangeRequests.csproj", "{3C7272FA-16FF-4123-90CC-DDFD938EB36B}"
EndProject
Project("{FAE04EC0-301F-11D3-BF4B-00C04F79EFBC}") = "ChangeRequestsTests", "ChangeRequestsTests\ChangeRequestsTests.csproj", "{6CEA1047-8760-4DDB-B4E1-5DCE5CD817AE}"
EndProject
Global
	GlobalSection(SolutionConfigurationPlatforms) = preSolution
		Debug|Any CPU = Debug|Any CPU
		Release|Any CPU = Release|Any CPU
	EndGlobalSection
	GlobalSection(ProjectConfigurationPlatforms) = postSolution
		{3C7272FA-16FF-4123-90CC-DDFD938EB36B}.Debug|Any CPU.ActiveCfg = Debug|Any CPU
		{3C7272FA-16FF-4123-90CC-DDFD938EB36B}.Debug|Any CPU.Build.0 = Debug|Any CPU
		{3C7272FA-16FF-4123-90CC-DDFD938EB36B}.Release|Any CPU.ActiveCfg = Release|Any CPU
		{3C7272FA-16FF-4123-90CC-DDFD938EB36B}.Release|Any CPU.Build.0 = Release|Any CPU
		{6CEA1047-8760-4DDB-B4E1-5DCE5CD817AE}.Debug|Any CPU.ActiveCfg = Debug|Any CPU
		{6CEA1047-8760-4DDB-B4E1-5DCE5CD817AE}.Debug|Any CPU.Build.0 = Debug|Any CPU
		{6CEA1047-8760-4DDB-B4E1-5DCE5CD817AE}.Release|Any CPU.ActiveCfg = Release|Any CPU
		{6CEA1047-8760-4DDB-B4E1-5DCE5CD817AE}.Release|Any CPU.Build.0 = Release|Any CPU
	EndGlobalSection
	GlobalSection(SolutionProperties) = preSolution
		HideSolutionNode = FALSE
	EndGlobalSection
	GlobalSection(ExtensibilityGlobals) = postSolution
		SolutionGuid = {E2AD52B1-703A-4E15-B68D-414677489D57}
	EndGlobalSection
EndGlobal
